// !$*UTF8*$!
{
	archiveVersion = 1;
	classes = {
	};
	objectVersion = 50;
	objects = {

/* Begin PBXBuildFile section */
		87068DC021DE70BC00F3975D /* AppDelegate.swift in Sources */ = {isa = PBXBuildFile; fileRef = 87068DBF21DE70BC00F3975D /* AppDelegate.swift */; };
		87068DC221DE70BC00F3975D /* ViewController.swift in Sources */ = {isa = PBXBuildFile; fileRef = 87068DC121DE70BC00F3975D /* ViewController.swift */; };
		87068DC521DE70BC00F3975D /* Main.storyboard in Resources */ = {isa = PBXBuildFile; fileRef = 87068DC321DE70BC00F3975D /* Main.storyboard */; };
		87068DC721DE70BD00F3975D /* Assets.xcassets in Resources */ = {isa = PBXBuildFile; fileRef = 87068DC621DE70BD00F3975D /* Assets.xcassets */; };
		87068DCA21DE70BD00F3975D /* LaunchScreen.storyboard in Resources */ = {isa = PBXBuildFile; fileRef = 87068DC821DE70BD00F3975D /* LaunchScreen.storyboard */; };
		87068DD821DE70DC00F3975D /* IntentHandler.swift in Sources */ = {isa = PBXBuildFile; fileRef = 87068DD721DE70DC00F3975D /* IntentHandler.swift */; };
		87068DE121DE70DC00F3975D /* IntentsUI.framework in Frameworks */ = {isa = PBXBuildFile; fileRef = 87068DE021DE70DC00F3975D /* IntentsUI.framework */; };
		87068DE421DE70DC00F3975D /* IntentViewController.swift in Sources */ = {isa = PBXBuildFile; fileRef = 87068DE321DE70DC00F3975D /* IntentViewController.swift */; };
		87068DE721DE70DC00F3975D /* MainInterface.storyboard in Resources */ = {isa = PBXBuildFile; fileRef = 87068DE521DE70DC00F3975D /* MainInterface.storyboard */; };
		87068DEB21DE70DC00F3975D /* IntentsExtensionUI.appex in Embed App Extensions */ = {isa = PBXBuildFile; fileRef = 87068DDE21DE70DC00F3975D /* IntentsExtensionUI.appex */; settings = {ATTRIBUTES = (RemoveHeadersOnCopy, ); }; };
		87068DEE21DE70DC00F3975D /* IntentsExtension.appex in Embed App Extensions */ = {isa = PBXBuildFile; fileRef = 87068DD521DE70DC00F3975D /* IntentsExtension.appex */; settings = {ATTRIBUTES = (RemoveHeadersOnCopy, ); }; };
		87068DFB21DE715000F3975D /* HelloIntentHandler.swift in Sources */ = {isa = PBXBuildFile; fileRef = 87068DFA21DE715000F3975D /* HelloIntentHandler.swift */; };
		87617D8C21DFC437006A4F49 /* Intents.intentdefinition in Sources */ = {isa = PBXBuildFile; fileRef = 87617D9021DFC437006A4F49 /* Intents.intentdefinition */; };
		87617D8D21DFC437006A4F49 /* Intents.intentdefinition in Sources */ = {isa = PBXBuildFile; fileRef = 87617D9021DFC437006A4F49 /* Intents.intentdefinition */; };
		87617D8E21DFC437006A4F49 /* Intents.intentdefinition in Sources */ = {isa = PBXBuildFile; fileRef = 87617D9021DFC437006A4F49 /* Intents.intentdefinition */; };
/* End PBXBuildFile section */

/* Begin PBXContainerItemProxy section */
		87068DE921DE70DC00F3975D /* PBXContainerItemProxy */ = {
			isa = PBXContainerItemProxy;
			containerPortal = 87068DB421DE70BC00F3975D /* Project object */;
			proxyType = 1;
			remoteGlobalIDString = 87068DDD21DE70DC00F3975D;
			remoteInfo = IntentsExtensionUI;
		};
		87068DEC21DE70DC00F3975D /* PBXContainerItemProxy */ = {
			isa = PBXContainerItemProxy;
			containerPortal = 87068DB421DE70BC00F3975D /* Project object */;
			proxyType = 1;
			remoteGlobalIDString = 87068DD421DE70DC00F3975D;
			remoteInfo = IntentsExtension;
		};
/* End PBXContainerItemProxy section */

/* Begin PBXCopyFilesBuildPhase section */
		87068DF521DE70DC00F3975D /* Embed App Extensions */ = {
			isa = PBXCopyFilesBuildPhase;
			buildActionMask = 2147483647;
			dstPath = "";
			dstSubfolderSpec = 13;
			files = (
				87068DEE21DE70DC00F3975D /* IntentsExtension.appex in Embed App Extensions */,
				87068DEB21DE70DC00F3975D /* IntentsExtensionUI.appex in Embed App Extensions */,
			);
			name = "Embed App Extensions";
			runOnlyForDeploymentPostprocessing = 0;
		};
/* End PBXCopyFilesBuildPhase section */

/* Begin PBXFileReference section */
		87068DBC21DE70BC00F3975D /* SiriKit.app */ = {isa = PBXFileReference; explicitFileType = wrapper.application; includeInIndex = 0; path = SiriKit.app; sourceTree = BUILT_PRODUCTS_DIR; };
		87068DBF21DE70BC00F3975D /* AppDelegate.swift */ = {isa = PBXFileReference; lastKnownFileType = sourcecode.swift; path = AppDelegate.swift; sourceTree = "<group>"; };
		87068DC121DE70BC00F3975D /* ViewController.swift */ = {isa = PBXFileReference; lastKnownFileType = sourcecode.swift; path = ViewController.swift; sourceTree = "<group>"; };
		87068DC421DE70BC00F3975D /* Base */ = {isa = PBXFileReference; lastKnownFileType = file.storyboard; name = Base; path = Base.lproj/Main.storyboard; sourceTree = "<group>"; };
		87068DC621DE70BD00F3975D /* Assets.xcassets */ = {isa = PBXFileReference; lastKnownFileType = folder.assetcatalog; path = Assets.xcassets; sourceTree = "<group>"; };
		87068DC921DE70BD00F3975D /* Base */ = {isa = PBXFileReference; lastKnownFileType = file.storyboard; name = Base; path = Base.lproj/LaunchScreen.storyboard; sourceTree = "<group>"; };
		87068DCB21DE70BD00F3975D /* Info.plist */ = {isa = PBXFileReference; lastKnownFileType = text.plist.xml; path = Info.plist; sourceTree = "<group>"; };
		87068DD521DE70DC00F3975D /* IntentsExtension.appex */ = {isa = PBXFileReference; explicitFileType = "wrapper.app-extension"; includeInIndex = 0; path = IntentsExtension.appex; sourceTree = BUILT_PRODUCTS_DIR; };
		87068DD721DE70DC00F3975D /* IntentHandler.swift */ = {isa = PBXFileReference; lastKnownFileType = sourcecode.swift; path = IntentHandler.swift; sourceTree = "<group>"; };
		87068DD921DE70DC00F3975D /* Info.plist */ = {isa = PBXFileReference; lastKnownFileType = text.plist.xml; path = Info.plist; sourceTree = "<group>"; };
		87068DDE21DE70DC00F3975D /* IntentsExtensionUI.appex */ = {isa = PBXFileReference; explicitFileType = "wrapper.app-extension"; includeInIndex = 0; path = IntentsExtensionUI.appex; sourceTree = BUILT_PRODUCTS_DIR; };
		87068DE021DE70DC00F3975D /* IntentsUI.framework */ = {isa = PBXFileReference; lastKnownFileType = wrapper.framework; name = IntentsUI.framework; path = System/Library/Frameworks/IntentsUI.framework; sourceTree = SDKROOT; };
		87068DE321DE70DC00F3975D /* IntentViewController.swift */ = {isa = PBXFileReference; lastKnownFileType = sourcecode.swift; path = IntentViewController.swift; sourceTree = "<group>"; };
		87068DE621DE70DC00F3975D /* Base */ = {isa = PBXFileReference; lastKnownFileType = file.storyboard; name = Base; path = Base.lproj/MainInterface.storyboard; sourceTree = "<group>"; };
		87068DE821DE70DC00F3975D /* Info.plist */ = {isa = PBXFileReference; lastKnownFileType = text.plist.xml; path = Info.plist; sourceTree = "<group>"; };
		87068DFA21DE715000F3975D /* HelloIntentHandler.swift */ = {isa = PBXFileReference; lastKnownFileType = sourcecode.swift; path = HelloIntentHandler.swift; sourceTree = "<group>"; };
		87068DFC21DE7A6C00F3975D /* SiriKit.entitlements */ = {isa = PBXFileReference; lastKnownFileType = text.plist.entitlements; path = SiriKit.entitlements; sourceTree = "<group>"; };
		87617D8F21DFC437006A4F49 /* Base */ = {isa = PBXFileReference; lastKnownFileType = file.intentdefinition; name = Base; path = Base.lproj/Intents.intentdefinition; sourceTree = "<group>"; };
		87617D9221DFC439006A4F49 /* en */ = {isa = PBXFileReference; lastKnownFileType = text.plist.strings; name = en; path = en.lproj/Intents.strings; sourceTree = "<group>"; };
/* End PBXFileReference section */

/* Begin PBXFrameworksBuildPhase section */
		87068DB921DE70BC00F3975D /* Frameworks */ = {
			isa = PBXFrameworksBuildPhase;
			buildActionMask = 2147483647;
			files = (
			);
			runOnlyForDeploymentPostprocessing = 0;
		};
		87068DD221DE70DC00F3975D /* Frameworks */ = {
			isa = PBXFrameworksBuildPhase;
			buildActionMask = 2147483647;
			files = (
			);
			runOnlyForDeploymentPostprocessing = 0;
		};
		87068DDB21DE70DC00F3975D /* Frameworks */ = {
			isa = PBXFrameworksBuildPhase;
			buildActionMask = 2147483647;
			files = (
				87068DE121DE70DC00F3975D /* IntentsUI.framework in Frameworks */,
			);
			runOnlyForDeploymentPostprocessing = 0;
		};
/* End PBXFrameworksBuildPhase section */

/* Begin PBXGroup section */
		87068DB321DE70BC00F3975D = {
			isa = PBXGroup;
			children = (
				87617D9021DFC437006A4F49 /* Intents.intentdefinition */,
				87068DBE21DE70BC00F3975D /* SiriKit */,
				87068DD621DE70DC00F3975D /* IntentsExtension */,
				87068DE221DE70DC00F3975D /* IntentsExtensionUI */,
				87068DDF21DE70DC00F3975D /* Frameworks */,
				87068DBD21DE70BC00F3975D /* Products */,
			);
			sourceTree = "<group>";
		};
		87068DBD21DE70BC00F3975D /* Products */ = {
			isa = PBXGroup;
			children = (
				87068DBC21DE70BC00F3975D /* SiriKit.app */,
				87068DD521DE70DC00F3975D /* IntentsExtension.appex */,
				87068DDE21DE70DC00F3975D /* IntentsExtensionUI.appex */,
			);
			name = Products;
			sourceTree = "<group>";
		};
		87068DBE21DE70BC00F3975D /* SiriKit */ = {
			isa = PBXGroup;
			children = (
				87068DFC21DE7A6C00F3975D /* SiriKit.entitlements */,
				87068DBF21DE70BC00F3975D /* AppDelegate.swift */,
				87068DC121DE70BC00F3975D /* ViewController.swift */,
				87068DC321DE70BC00F3975D /* Main.storyboard */,
				87068DC621DE70BD00F3975D /* Assets.xcassets */,
				87068DC821DE70BD00F3975D /* LaunchScreen.storyboard */,
				87068DCB21DE70BD00F3975D /* Info.plist */,
			);
			path = SiriKit;
			sourceTree = "<group>";
		};
		87068DD621DE70DC00F3975D /* IntentsExtension */ = {
			isa = PBXGroup;
			children = (
				87068DD721DE70DC00F3975D /* IntentHandler.swift */,
				87068DFA21DE715000F3975D /* HelloIntentHandler.swift */,
				87068DD921DE70DC00F3975D /* Info.plist */,
			);
			path = IntentsExtension;
			sourceTree = "<group>";
		};
		87068DDF21DE70DC00F3975D /* Frameworks */ = {
			isa = PBXGroup;
			children = (
				87068DE021DE70DC00F3975D /* IntentsUI.framework */,
			);
			name = Frameworks;
			sourceTree = "<group>";
		};
		87068DE221DE70DC00F3975D /* IntentsExtensionUI */ = {
			isa = PBXGroup;
			children = (
				87068DE321DE70DC00F3975D /* IntentViewController.swift */,
				87068DE521DE70DC00F3975D /* MainInterface.storyboard */,
				87068DE821DE70DC00F3975D /* Info.plist */,
			);
			path = IntentsExtensionUI;
			sourceTree = "<group>";
		};
/* End PBXGroup section */

/* Begin PBXNativeTarget section */
		87068DBB21DE70BC00F3975D /* SiriKit */ = {
			isa = PBXNativeTarget;
			buildConfigurationList = 87068DCE21DE70BD00F3975D /* Build configuration list for PBXNativeTarget "SiriKit" */;
			buildPhases = (
				87068DB821DE70BC00F3975D /* Sources */,
				87068DB921DE70BC00F3975D /* Frameworks */,
				87068DBA21DE70BC00F3975D /* Resources */,
				87068DF521DE70DC00F3975D /* Embed App Extensions */,
			);
			buildRules = (
			);
			dependencies = (
				87068DEA21DE70DC00F3975D /* PBXTargetDependency */,
				87068DED21DE70DC00F3975D /* PBXTargetDependency */,
			);
			name = SiriKit;
			productName = SiriKit;
			productReference = 87068DBC21DE70BC00F3975D /* SiriKit.app */;
			productType = "com.apple.product-type.application";
		};
		87068DD421DE70DC00F3975D /* IntentsExtension */ = {
			isa = PBXNativeTarget;
			buildConfigurationList = 87068DF221DE70DC00F3975D /* Build configuration list for PBXNativeTarget "IntentsExtension" */;
			buildPhases = (
				87068DD121DE70DC00F3975D /* Sources */,
				87068DD221DE70DC00F3975D /* Frameworks */,
				87068DD321DE70DC00F3975D /* Resources */,
			);
			buildRules = (
			);
			dependencies = (
			);
			name = IntentsExtension;
			productName = IntentsExtension;
			productReference = 87068DD521DE70DC00F3975D /* IntentsExtension.appex */;
			productType = "com.apple.product-type.app-extension";
		};
		87068DDD21DE70DC00F3975D /* IntentsExtensionUI */ = {
			isa = PBXNativeTarget;
			buildConfigurationList = 87068DEF21DE70DC00F3975D /* Build configuration list for PBXNativeTarget "IntentsExtensionUI" */;
			buildPhases = (
				87068DDA21DE70DC00F3975D /* Sources */,
				87068DDB21DE70DC00F3975D /* Frameworks */,
				87068DDC21DE70DC00F3975D /* Resources */,
			);
			buildRules = (
			);
			dependencies = (
			);
			name = IntentsExtensionUI;
			productName = IntentsExtensionUI;
			productReference = 87068DDE21DE70DC00F3975D /* IntentsExtensionUI.appex */;
			productType = "com.apple.product-type.app-extension";
		};
/* End PBXNativeTarget section */

/* Begin PBXProject section */
		87068DB421DE70BC00F3975D /* Project object */ = {
			isa = PBXProject;
			attributes = {
				LastSwiftUpdateCheck = 1010;
				LastUpgradeCheck = 1010;
				ORGANIZATIONNAME = cyan;
				TargetAttributes = {
					87068DBB21DE70BC00F3975D = {
						CreatedOnToolsVersion = 10.1;
						SystemCapabilities = {
							com.apple.Siri = {
								enabled = 1;
							};
						};
					};
					87068DD421DE70DC00F3975D = {
						CreatedOnToolsVersion = 10.1;
					};
					87068DDD21DE70DC00F3975D = {
						CreatedOnToolsVersion = 10.1;
					};
				};
			};
			buildConfigurationList = 87068DB721DE70BC00F3975D /* Build configuration list for PBXProject "SiriKit" */;
			compatibilityVersion = "Xcode 9.3";
			developmentRegion = en;
			hasScannedForEncodings = 0;
			knownRegions = (
				en,
				Base,
			);
			mainGroup = 87068DB321DE70BC00F3975D;
			productRefGroup = 87068DBD21DE70BC00F3975D /* Products */;
			projectDirPath = "";
			projectRoot = "";
			targets = (
				87068DBB21DE70BC00F3975D /* SiriKit */,
				87068DD421DE70DC00F3975D /* IntentsExtension */,
				87068DDD21DE70DC00F3975D /* IntentsExtensionUI */,
			);
		};
/* End PBXProject section */

/* Begin PBXResourcesBuildPhase section */
		87068DBA21DE70BC00F3975D /* Resources */ = {
			isa = PBXResourcesBuildPhase;
			buildActionMask = 2147483647;
			files = (
				87068DCA21DE70BD00F3975D /* LaunchScreen.storyboard in Resources */,
				87068DC721DE70BD00F3975D /* Assets.xcassets in Resources */,
				87068DC521DE70BC00F3975D /* Main.storyboard in Resources */,
			);
			runOnlyForDeploymentPostprocessing = 0;
		};
		87068DD321DE70DC00F3975D /* Resources */ = {
			isa = PBXResourcesBuildPhase;
			buildActionMask = 2147483647;
			files = (
			);
			runOnlyForDeploymentPostprocessing = 0;
		};
		87068DDC21DE70DC00F3975D /* Resources */ = {
			isa = PBXResourcesBuildPhase;
			buildActionMask = 2147483647;
			files = (
				87068DE721DE70DC00F3975D /* MainInterface.storyboard in Resources */,
			);
			runOnlyForDeploymentPostprocessing = 0;
		};
/* End PBXResourcesBuildPhase section */

/* Begin PBXSourcesBuildPhase section */
		87068DB821DE70BC00F3975D /* Sources */ = {
			isa = PBXSourcesBuildPhase;
			buildActionMask = 2147483647;
			files = (
				87617D8C21DFC437006A4F49 /* Intents.intentdefinition in Sources */,
				87068DC221DE70BC00F3975D /* ViewController.swift in Sources */,
				87068DC021DE70BC00F3975D /* AppDelegate.swift in Sources */,
			);
			runOnlyForDeploymentPostprocessing = 0;
		};
		87068DD121DE70DC00F3975D /* Sources */ = {
			isa = PBXSourcesBuildPhase;
			buildActionMask = 2147483647;
			files = (
				87617D8D21DFC437006A4F49 /* Intents.intentdefinition in Sources */,
				87068DD821DE70DC00F3975D /* IntentHandler.swift in Sources */,
				87068DFB21DE715000F3975D /* HelloIntentHandler.swift in Sources */,
			);
			runOnlyForDeploymentPostprocessing = 0;
		};
		87068DDA21DE70DC00F3975D /* Sources */ = {
			isa = PBXSourcesBuildPhase;
			buildActionMask = 2147483647;
			files = (
				87617D8E21DFC437006A4F49 /* Intents.intentdefinition in Sources */,
				87068DE421DE70DC00F3975D /* IntentViewController.swift in Sources */,
			);
			runOnlyForDeploymentPostprocessing = 0;
		};
/* End PBXSourcesBuildPhase section */

/* Begin PBXTargetDependency section */
		87068DEA21DE70DC00F3975D /* PBXTargetDependency */ = {
			isa = PBXTargetDependency;
			target = 87068DDD21DE70DC00F3975D /* IntentsExtensionUI */;
			targetProxy = 87068DE921DE70DC00F3975D /* PBXContainerItemProxy */;
		};
		87068DED21DE70DC00F3975D /* PBXTargetDependency */ = {
			isa = PBXTargetDependency;
			target = 87068DD421DE70DC00F3975D /* IntentsExtension */;
			targetProxy = 87068DEC21DE70DC00F3975D /* PBXContainerItemProxy */;
		};
/* End PBXTargetDependency section */

/* Begin PBXVariantGroup section */
		87068DC321DE70BC00F3975D /* Main.storyboard */ = {
			isa = PBXVariantGroup;
			children = (
				87068DC421DE70BC00F3975D /* Base */,
			);
			name = Main.storyboard;
			sourceTree = "<group>";
		};
		87068DC821DE70BD00F3975D /* LaunchScreen.storyboard */ = {
			isa = PBXVariantGroup;
			children = (
				87068DC921DE70BD00F3975D /* Base */,
			);
			name = LaunchScreen.storyboard;
			sourceTree = "<group>";
		};
		87068DE521DE70DC00F3975D /* MainInterface.storyboard */ = {
			isa = PBXVariantGroup;
			children = (
				87068DE621DE70DC00F3975D /* Base */,
			);
			name = MainInterface.storyboard;
			sourceTree = "<group>";
		};
		87617D9021DFC437006A4F49 /* Intents.intentdefinition */ = {
			isa = PBXVariantGroup;
			children = (
				87617D8F21DFC437006A4F49 /* Base */,
				87617D9221DFC439006A4F49 /* en */,
			);
			name = Intents.intentdefinition;
			sourceTree = "<group>";
		};
/* End PBXVariantGroup section */

/* Begin XCBuildConfiguration section */
		87068DCC21DE70BD00F3975D /* Debug */ = {
			isa = XCBuildConfiguration;
			buildSettings = {
				ALWAYS_SEARCH_USER_PATHS = NO;
				CLANG_ANALYZER_NONNULL = YES;
				CLANG_ANALYZER_NUMBER_OBJECT_CONVERSION = YES_AGGRESSIVE;
				CLANG_CXX_LANGUAGE_STANDARD = "gnu++14";
				CLANG_CXX_LIBRARY = "libc++";
				CLANG_ENABLE_MODULES = YES;
				CLANG_ENABLE_OBJC_ARC = YES;
				CLANG_ENABLE_OBJC_WEAK = YES;
				CLANG_WARN_BLOCK_CAPTURE_AUTORELEASING = YES;
				CLANG_WARN_BOOL_CONVERSION = YES;
				CLANG_WARN_COMMA = YES;
				CLANG_WARN_CONSTANT_CONVERSION = YES;
				CLANG_WARN_DEPRECATED_OBJC_IMPLEMENTATIONS = YES;
				CLANG_WARN_DIRECT_OBJC_ISA_USAGE = YES_ERROR;
				CLANG_WARN_DOCUMENTATION_COMMENTS = YES;
				CLANG_WARN_EMPTY_BODY = YES;
				CLANG_WARN_ENUM_CONVERSION = YES;
				CLANG_WARN_INFINITE_RECURSION = YES;
				CLANG_WARN_INT_CONVERSION = YES;
				CLANG_WARN_NON_LITERAL_NULL_CONVERSION = YES;
				CLANG_WARN_OBJC_IMPLICIT_RETAIN_SELF = YES;
				CLANG_WARN_OBJC_LITERAL_CONVERSION = YES;
				CLANG_WARN_OBJC_ROOT_CLASS = YES_ERROR;
				CLANG_WARN_RANGE_LOOP_ANALYSIS = YES;
				CLANG_WARN_STRICT_PROTOTYPES = YES;
				CLANG_WARN_SUSPICIOUS_MOVE = YES;
				CLANG_WARN_UNGUARDED_AVAILABILITY = YES_AGGRESSIVE;
				CLANG_WARN_UNREACHABLE_CODE = YES;
				CLANG_WARN__DUPLICATE_METHOD_MATCH = YES;
				CODE_SIGN_IDENTITY = "iPhone Developer";
				COPY_PHASE_STRIP = NO;
				DEBUG_INFORMATION_FORMAT = dwarf;
				ENABLE_STRICT_OBJC_MSGSEND = YES;
				ENABLE_TESTABILITY = YES;
				GCC_C_LANGUAGE_STANDARD = gnu11;
				GCC_DYNAMIC_NO_PIC = NO;
				GCC_NO_COMMON_BLOCKS = YES;
				GCC_OPTIMIZATION_LEVEL = 0;
				GCC_PREPROCESSOR_DEFINITIONS = (
					"DEBUG=1",
					"$(inherited)",
				);
				GCC_WARN_64_TO_32_BIT_CONVERSION = YES;
				GCC_WARN_ABOUT_RETURN_TYPE = YES_ERROR;
				GCC_WARN_UNDECLARED_SELECTOR = YES;
				GCC_WARN_UNINITIALIZED_AUTOS = YES_AGGRESSIVE;
				GCC_WARN_UNUSED_FUNCTION = YES;
				GCC_WARN_UNUSED_VARIABLE = YES;
				IPHONEOS_DEPLOYMENT_TARGET = 12.1;
				MTL_ENABLE_DEBUG_INFO = INCLUDE_SOURCE;
				MTL_FAST_MATH = YES;
				ONLY_ACTIVE_ARCH = YES;
				SDKROOT = iphoneos;
				SWIFT_ACTIVE_COMPILATION_CONDITIONS = DEBUG;
				SWIFT_OPTIMIZATION_LEVEL = "-Onone";
			};
			name = Debug;
		};
		87068DCD21DE70BD00F3975D /* Release */ = {
			isa = XCBuildConfiguration;
			buildSettings = {
				ALWAYS_SEARCH_USER_PATHS = NO;
				CLANG_ANALYZER_NONNULL = YES;
				CLANG_ANALYZER_NUMBER_OBJECT_CONVERSION = YES_AGGRESSIVE;
				CLANG_CXX_LANGUAGE_STANDARD = "gnu++14";
				CLANG_CXX_LIBRARY = "libc++";
				CLANG_ENABLE_MODULES = YES;
				CLANG_ENABLE_OBJC_ARC = YES;
				CLANG_ENABLE_OBJC_WEAK = YES;
				CLANG_WARN_BLOCK_CAPTURE_AUTORELEASING = YES;
				CLANG_WARN_BOOL_CONVERSION = YES;
				CLANG_WARN_COMMA = YES;
				CLANG_WARN_CONSTANT_CONVERSION = YES;
				CLANG_WARN_DEPRECATED_OBJC_IMPLEMENTATIONS = YES;
				CLANG_WARN_DIRECT_OBJC_ISA_USAGE = YES_ERROR;
				CLANG_WARN_DOCUMENTATION_COMMENTS = YES;
				CLANG_WARN_EMPTY_BODY = YES;
				CLANG_WARN_ENUM_CONVERSION = YES;
				CLANG_WARN_INFINITE_RECURSION = YES;
				CLANG_WARN_INT_CONVERSION = YES;
				CLANG_WARN_NON_LITERAL_NULL_CONVERSION = YES;
				CLANG_WARN_OBJC_IMPLICIT_RETAIN_SELF = YES;
				CLANG_WARN_OBJC_LITERAL_CONVERSION = YES;
				CLANG_WARN_OBJC_ROOT_CLASS = YES_ERROR;
				CLANG_WARN_RANGE_LOOP_ANALYSIS = YES;
				CLANG_WARN_STRICT_PROTOTYPES = YES;
				CLANG_WARN_SUSPICIOUS_MOVE = YES;
				CLANG_WARN_UNGUARDED_AVAILABILITY = YES_AGGRESSIVE;
				CLANG_WARN_UNREACHABLE_CODE = YES;
				CLANG_WARN__DUPLICATE_METHOD_MATCH = YES;
				CODE_SIGN_IDENTITY = "iPhone Developer";
				COPY_PHASE_STRIP = NO;
				DEBUG_INFORMATION_FORMAT = "dwarf-with-dsym";
				ENABLE_NS_ASSERTIONS = NO;
				ENABLE_STRICT_OBJC_MSGSEND = YES;
				GCC_C_LANGUAGE_STANDARD = gnu11;
				GCC_NO_COMMON_BLOCKS = YES;
				GCC_WARN_64_TO_32_BIT_CONVERSION = YES;
				GCC_WARN_ABOUT_RETURN_TYPE = YES_ERROR;
				GCC_WARN_UNDECLARED_SELECTOR = YES;
				GCC_WARN_UNINITIALIZED_AUTOS = YES_AGGRESSIVE;
				GCC_WARN_UNUSED_FUNCTION = YES;
				GCC_WARN_UNUSED_VARIABLE = YES;
				IPHONEOS_DEPLOYMENT_TARGET = 12.1;
				MTL_ENABLE_DEBUG_INFO = NO;
				MTL_FAST_MATH = YES;
				SDKROOT = iphoneos;
				SWIFT_COMPILATION_MODE = wholemodule;
				SWIFT_OPTIMIZATION_LEVEL = "-O";
				VALIDATE_PRODUCT = YES;
			};
			name = Release;
		};
		87068DCF21DE70BD00F3975D /* Debug */ = {
			isa = XCBuildConfiguration;
			buildSettings = {
				ALWAYS_EMBED_SWIFT_STANDARD_LIBRARIES = YES;
				ASSETCATALOG_COMPILER_APPICON_NAME = AppIcon;
				CODE_SIGN_ENTITLEMENTS = SiriKit/SiriKit.entitlements;
				CODE_SIGN_STYLE = Automatic;
				DEVELOPMENT_TEAM = TCKG8FBVG6;
				INFOPLIST_FILE = SiriKit/Info.plist;
				LD_RUNPATH_SEARCH_PATHS = (
					"$(inherited)",
					"@executable_path/Frameworks",
				);
				PRODUCT_BUNDLE_IDENTIFIER = app.cyan.SiriKit;
				PRODUCT_NAME = "$(TARGET_NAME)";
				SWIFT_VERSION = 4.2;
				TARGETED_DEVICE_FAMILY = "1,2";
			};
			name = Debug;
		};
		87068DD021DE70BD00F3975D /* Release */ = {
			isa = XCBuildConfiguration;
			buildSettings = {
				ALWAYS_EMBED_SWIFT_STANDARD_LIBRARIES = YES;
				ASSETCATALOG_COMPILER_APPICON_NAME = AppIcon;
				CODE_SIGN_ENTITLEMENTS = SiriKit/SiriKit.entitlements;
				CODE_SIGN_STYLE = Automatic;
				DEVELOPMENT_TEAM = TCKG8FBVG6;
				INFOPLIST_FILE = SiriKit/Info.plist;
				LD_RUNPATH_SEARCH_PATHS = (
					"$(inherited)",
					"@executable_path/Frameworks",
				);
				PRODUCT_BUNDLE_IDENTIFIER = app.cyan.SiriKit;
				PRODUCT_NAME = "$(TARGET_NAME)";
				SWIFT_VERSION = 4.2;
				TARGETED_DEVICE_FAMILY = "1,2";
			};
			name = Release;
		};
		87068DF021DE70DC00F3975D /* Debug */ = {
			isa = XCBuildConfiguration;
			buildSettings = {
				CODE_SIGN_STYLE = Automatic;
				DEVELOPMENT_TEAM = TCKG8FBVG6;
				INFOPLIST_FILE = IntentsExtensionUI/Info.plist;
				LD_RUNPATH_SEARCH_PATHS = (
					"$(inherited)",
					"@executable_path/Frameworks",
					"@executable_path/../../Frameworks",
				);
				PRODUCT_BUNDLE_IDENTIFIER = app.cyan.SiriKit.IntentsExtensionUI;
				PRODUCT_NAME = "$(TARGET_NAME)";
				SKIP_INSTALL = YES;
				SWIFT_VERSION = 4.2;
				TARGETED_DEVICE_FAMILY = "1,2";
			};
			name = Debug;
		};
		87068DF121DE70DC00F3975D /* Release */ = {
			isa = XCBuildConfiguration;
			buildSettings = {
				CODE_SIGN_STYLE = Automatic;
				DEVELOPMENT_TEAM = TCKG8FBVG6;
				INFOPLIST_FILE = IntentsExtensionUI/Info.plist;
				LD_RUNPATH_SEARCH_PATHS = (
					"$(inherited)",
					"@executable_path/Frameworks",
					"@executable_path/../../Frameworks",
				);
				PRODUCT_BUNDLE_IDENTIFIER = app.cyan.SiriKit.IntentsExtensionUI;
				PRODUCT_NAME = "$(TARGET_NAME)";
				SKIP_INSTALL = YES;
				SWIFT_VERSION = 4.2;
				TARGETED_DEVICE_FAMILY = "1,2";
			};
			name = Release;
		};
		87068DF321DE70DC00F3975D /* Debug */ = {
			isa = XCBuildConfiguration;
			buildSettings = {
				CODE_SIGN_STYLE = Automatic;
				DEVELOPMENT_TEAM = TCKG8FBVG6;
				INFOPLIST_FILE = IntentsExtension/Info.plist;
				LD_RUNPATH_SEARCH_PATHS = (
					"$(inherited)",
					"@executable_path/Frameworks",
					"@executable_path/../../Frameworks",
				);
				PRODUCT_BUNDLE_IDENTIFIER = app.cyan.SiriKit.IntentsExtension;
				PRODUCT_NAME = "$(TARGET_NAME)";
				SKIP_INSTALL = YES;
				SWIFT_VERSION = 4.2;
				TARGETED_DEVICE_FAMILY = "1,2";
			};
			name = Debug;
		};
		87068DF421DE70DC00F3975D /* Release */ = {
			isa = XCBuildConfiguration;
			buildSettings = {
				CODE_SIGN_STYLE = Automatic;
				DEVELOPMENT_TEAM = TCKG8FBVG6;
				INFOPLIST_FILE = IntentsExtension/Info.plist;
				LD_RUNPATH_SEARCH_PATHS = (
					"$(inherited)",
					"@executable_path/Frameworks",
					"@executable_path/../../Frameworks",
				);
				PRODUCT_BUNDLE_IDENTIFIER = app.cyan.SiriKit.IntentsExtension;
				PRODUCT_NAME = "$(TARGET_NAME)";
				SKIP_INSTALL = YES;
				SWIFT_VERSION = 4.2;
				TARGETED_DEVICE_FAMILY = "1,2";
			};
			name = Release;
		};
/* End XCBuildConfiguration section */

/* Begin XCConfigurationList section */
		87068DB721DE70BC00F3975D /* Build configuration list for PBXProject "SiriKit" */ = {
			isa = XCConfigurationList;
			buildConfigurations = (
				87068DCC21DE70BD00F3975D /* Debug */,
				87068DCD21DE70BD00F3975D /* Release */,
			);
			defaultConfigurationIsVisible = 0;
			defaultConfigurationName = Release;
		};
		87068DCE21DE70BD00F3975D /* Build configuration list for PBXNativeTarget "SiriKit" */ = {
			isa = XCConfigurationList;
			buildConfigurations = (
				87068DCF21DE70BD00F3975D /* Debug */,
				87068DD021DE70BD00F3975D /* Release */,
			);
			defaultConfigurationIsVisible = 0;
			defaultConfigurationName = Release;
		};
		87068DEF21DE70DC00F3975D /* Build configuration list for PBXNativeTarget "IntentsExtensionUI" */ = {
			isa = XCConfigurationList;
			buildConfigurations = (
				87068DF021DE70DC00F3975D /* Debug */,
				87068DF121DE70DC00F3975D /* Release */,
			);
			defaultConfigurationIsVisible = 0;
			defaultConfigurationName = Release;
		};
		87068DF221DE70DC00F3975D /* Build configuration list for PBXNativeTarget "IntentsExtension" */ = {
			isa = XCConfigurationList;
			buildConfigurations = (
				87068DF321DE70DC00F3975D /* Debug */,
				87068DF421DE70DC00F3975D /* Release */,
			);
			defaultConfigurationIsVisible = 0;
			defaultConfigurationName = Release;
		};
/* End XCConfigurationList section */
	};
	rootObject = 87068DB421DE70BC00F3975D /* Project object */;
}
